
Microsoft Visual Studio Solution File, Format Version 12.00
# Visual Studio Version 16
VisualStudioVersion = 16.0.30907.101
MinimumVisualStudioVersion = 10.0.40219.1
Project("{FAE04EC0-301F-11D3-BF4B-00C04F79EFBC}") = "RIA", "RIA\RIA.csproj", "{FF433863-F51F-4C84-958A-B4C2E3B5A86F}"
EndProject
Global
	GlobalSection(SolutionConfigurationPlatforms) = preSolution
		Debug|Any CPU = Debug|Any CPU
		Release|Any CPU = Release|Any CPU
	EndGlobalSection
	GlobalSection(ProjectConfigurationPlatforms) = postSolution
		{FF433863-F51F-4C84-958A-B4C2E3B5A86F}.Debug|Any CPU.ActiveCfg = Debug|Any CPU
		{FF433863-F51F-4C84-958A-B4C2E3B5A86F}.Debug|Any CPU.Build.0 = Debug|Any CPU
		{FF433863-F51F-4C84-958A-B4C2E3B5A86F}.Release|Any CPU.ActiveCfg = Release|Any CPU
		{FF433863-F51F-4C84-958A-B4C2E3B5A86F}.Release|Any CPU.Build.0 = Release|Any CPU
	EndGlobalSection
	GlobalSection(SolutionProperties) = preSolution
		HideSolutionNode = FALSE
	EndGlobalSection
	GlobalSection(ExtensibilityGlobals) = postSolution
		SolutionGuid = {82B2D802-0634-4182-9AF3-BF13FC2B4A2E}
	EndGlobalSection
EndGlobal
