
Microsoft Visual Studio Solution File, Format Version 12.00
# Visual Studio Version 16
VisualStudioVersion = 16.0.30907.101
MinimumVisualStudioVersion = 10.0.40219.1
Project("{FAE04EC0-301F-11D3-BF4B-00C04F79EFBC}") = "RIA.GUI", "RIA.GUI\RIA.GUI.csproj", "{E1358202-2ECF-4FC1-8821-478523311A54}"
EndProject
Global
	GlobalSection(SolutionConfigurationPlatforms) = preSolution
		Debug|Any CPU = Debug|Any CPU
		Release|Any CPU = Release|Any CPU
	EndGlobalSection
	GlobalSection(ProjectConfigurationPlatforms) = postSolution
		{E1358202-2ECF-4FC1-8821-478523311A54}.Debug|Any CPU.ActiveCfg = Debug|Any CPU
		{E1358202-2ECF-4FC1-8821-478523311A54}.Debug|Any CPU.Build.0 = Debug|Any CPU
		{E1358202-2ECF-4FC1-8821-478523311A54}.Release|Any CPU.ActiveCfg = Release|Any CPU
		{E1358202-2ECF-4FC1-8821-478523311A54}.Release|Any CPU.Build.0 = Release|Any CPU
	EndGlobalSection
	GlobalSection(SolutionProperties) = preSolution
		HideSolutionNode = FALSE
	EndGlobalSection
	GlobalSection(ExtensibilityGlobals) = postSolution
		SolutionGuid = {20414A36-24CD-4106-9AA9-FBBFF31BCCAC}
	EndGlobalSection
EndGlobal
