
Microsoft Visual Studio Solution File, Format Version 12.00
# Visual Studio Version 16
VisualStudioVersion = 16.0.30907.101
MinimumVisualStudioVersion = 10.0.40219.1
Project("{FAE04EC0-301F-11D3-BF4B-00C04F79EFBC}") = "EFCoreExample", "EFCoreExample\EFCoreExample.csproj", "{8B632A72-D60B-4AA7-9722-7626EC41A29F}"
EndProject
Global
	GlobalSection(SolutionConfigurationPlatforms) = preSolution
		Debug|Any CPU = Debug|Any CPU
		Debug|x64 = Debug|x64
		Debug|x86 = Debug|x86
		Release|Any CPU = Release|Any CPU
		Release|x64 = Release|x64
		Release|x86 = Release|x86
	EndGlobalSection
	GlobalSection(ProjectConfigurationPlatforms) = postSolution
		{8B632A72-D60B-4AA7-9722-7626EC41A29F}.Debug|Any CPU.ActiveCfg = Debug|Any CPU
		{8B632A72-D60B-4AA7-9722-7626EC41A29F}.Debug|Any CPU.Build.0 = Debug|Any CPU
		{8B632A72-D60B-4AA7-9722-7626EC41A29F}.Debug|x64.ActiveCfg = Debug|x64
		{8B632A72-D60B-4AA7-9722-7626EC41A29F}.Debug|x64.Build.0 = Debug|x64
		{8B632A72-D60B-4AA7-9722-7626EC41A29F}.Debug|x86.ActiveCfg = Debug|x86
		{8B632A72-D60B-4AA7-9722-7626EC41A29F}.Debug|x86.Build.0 = Debug|x86
		{8B632A72-D60B-4AA7-9722-7626EC41A29F}.Release|Any CPU.ActiveCfg = Release|Any CPU
		{8B632A72-D60B-4AA7-9722-7626EC41A29F}.Release|Any CPU.Build.0 = Release|Any CPU
		{8B632A72-D60B-4AA7-9722-7626EC41A29F}.Release|x64.ActiveCfg = Release|x64
		{8B632A72-D60B-4AA7-9722-7626EC41A29F}.Release|x64.Build.0 = Release|x64
		{8B632A72-D60B-4AA7-9722-7626EC41A29F}.Release|x86.ActiveCfg = Release|x86
		{8B632A72-D60B-4AA7-9722-7626EC41A29F}.Release|x86.Build.0 = Release|x86
	EndGlobalSection
	GlobalSection(SolutionProperties) = preSolution
		HideSolutionNode = FALSE
	EndGlobalSection
	GlobalSection(ExtensibilityGlobals) = postSolution
		SolutionGuid = {82B2D802-0634-4182-9AF3-BF13FC2B4A2E}
	EndGlobalSection
EndGlobal
