
Microsoft Visual Studio Solution File, Format Version 12.00
# Visual Studio Version 16
VisualStudioVersion = 16.0.30907.101
MinimumVisualStudioVersion = 10.0.40219.1
Project("{9A19103F-16F7-4668-BE54-9A1E7A4F7556}") = "RIA", "RIA\RIA.csproj", "{FF433863-F51F-4C84-958A-B4C2E3B5A86F}"
EndProject
Project("{9A19103F-16F7-4668-BE54-9A1E7A4F7556}") = "RIA.Grabber", "RIA.Grabber\RIA.Grabber.csproj", "{8E898288-9A07-4F41-9C2C-D1B4D098A060}"
EndProject
Project("{9A19103F-16F7-4668-BE54-9A1E7A4F7556}") = "RIA.Grabber.Tests", "RIA.Grabber.Tests\RIA.Grabber.Tests.csproj", "{375B8C74-9D8F-41F7-89AE-8AD5EC91C1BC}"
EndProject
Project("{9A19103F-16F7-4668-BE54-9A1E7A4F7556}") = "RIA.GUI", "RIA.GUI\RIA.GUI.csproj", "{446AF765-93DF-48A5-A993-157E1B9BB004}"
EndProject
Global
	GlobalSection(SolutionConfigurationPlatforms) = preSolution
		Debug|Any CPU = Debug|Any CPU
		Debug|x64 = Debug|x64
		Debug|x86 = Debug|x86
		Release|Any CPU = Release|Any CPU
		Release|x64 = Release|x64
		Release|x86 = Release|x86
	EndGlobalSection
	GlobalSection(ProjectConfigurationPlatforms) = postSolution
		{FF433863-F51F-4C84-958A-B4C2E3B5A86F}.Debug|Any CPU.ActiveCfg = Debug|Any CPU
		{FF433863-F51F-4C84-958A-B4C2E3B5A86F}.Debug|Any CPU.Build.0 = Debug|Any CPU
		{FF433863-F51F-4C84-958A-B4C2E3B5A86F}.Debug|x64.ActiveCfg = Debug|Any CPU
		{FF433863-F51F-4C84-958A-B4C2E3B5A86F}.Debug|x64.Build.0 = Debug|Any CPU
		{FF433863-F51F-4C84-958A-B4C2E3B5A86F}.Debug|x86.ActiveCfg = Debug|x86
		{FF433863-F51F-4C84-958A-B4C2E3B5A86F}.Debug|x86.Build.0 = Debug|x86
		{FF433863-F51F-4C84-958A-B4C2E3B5A86F}.Release|Any CPU.ActiveCfg = Release|Any CPU
		{FF433863-F51F-4C84-958A-B4C2E3B5A86F}.Release|Any CPU.Build.0 = Release|Any CPU
		{FF433863-F51F-4C84-958A-B4C2E3B5A86F}.Release|x64.ActiveCfg = Release|Any CPU
		{FF433863-F51F-4C84-958A-B4C2E3B5A86F}.Release|x64.Build.0 = Release|Any CPU
		{FF433863-F51F-4C84-958A-B4C2E3B5A86F}.Release|x86.ActiveCfg = Release|Any CPU
		{FF433863-F51F-4C84-958A-B4C2E3B5A86F}.Release|x86.Build.0 = Release|Any CPU
		{8E898288-9A07-4F41-9C2C-D1B4D098A060}.Debug|Any CPU.ActiveCfg = Debug|Any CPU
		{8E898288-9A07-4F41-9C2C-D1B4D098A060}.Debug|Any CPU.Build.0 = Debug|Any CPU
		{8E898288-9A07-4F41-9C2C-D1B4D098A060}.Debug|x64.ActiveCfg = Debug|x64
		{8E898288-9A07-4F41-9C2C-D1B4D098A060}.Debug|x64.Build.0 = Debug|x64
		{8E898288-9A07-4F41-9C2C-D1B4D098A060}.Debug|x86.ActiveCfg = Debug|x86
		{8E898288-9A07-4F41-9C2C-D1B4D098A060}.Debug|x86.Build.0 = Debug|x86
		{8E898288-9A07-4F41-9C2C-D1B4D098A060}.Release|Any CPU.ActiveCfg = Release|Any CPU
		{8E898288-9A07-4F41-9C2C-D1B4D098A060}.Release|Any CPU.Build.0 = Release|Any CPU
		{8E898288-9A07-4F41-9C2C-D1B4D098A060}.Release|x64.ActiveCfg = Release|x64
		{8E898288-9A07-4F41-9C2C-D1B4D098A060}.Release|x64.Build.0 = Release|x64
		{8E898288-9A07-4F41-9C2C-D1B4D098A060}.Release|x86.ActiveCfg = Release|x86
		{8E898288-9A07-4F41-9C2C-D1B4D098A060}.Release|x86.Build.0 = Release|x86
		{375B8C74-9D8F-41F7-89AE-8AD5EC91C1BC}.Debug|Any CPU.ActiveCfg = Debug|Any CPU
		{375B8C74-9D8F-41F7-89AE-8AD5EC91C1BC}.Debug|Any CPU.Build.0 = Debug|Any CPU
		{375B8C74-9D8F-41F7-89AE-8AD5EC91C1BC}.Debug|x64.ActiveCfg = Debug|x64
		{375B8C74-9D8F-41F7-89AE-8AD5EC91C1BC}.Debug|x64.Build.0 = Debug|x64
		{375B8C74-9D8F-41F7-89AE-8AD5EC91C1BC}.Debug|x86.ActiveCfg = Debug|x86
		{375B8C74-9D8F-41F7-89AE-8AD5EC91C1BC}.Debug|x86.Build.0 = Debug|x86
		{375B8C74-9D8F-41F7-89AE-8AD5EC91C1BC}.Release|Any CPU.ActiveCfg = Release|Any CPU
		{375B8C74-9D8F-41F7-89AE-8AD5EC91C1BC}.Release|Any CPU.Build.0 = Release|Any CPU
		{375B8C74-9D8F-41F7-89AE-8AD5EC91C1BC}.Release|x64.ActiveCfg = Release|x64
		{375B8C74-9D8F-41F7-89AE-8AD5EC91C1BC}.Release|x64.Build.0 = Release|x64
		{375B8C74-9D8F-41F7-89AE-8AD5EC91C1BC}.Release|x86.ActiveCfg = Release|x86
		{375B8C74-9D8F-41F7-89AE-8AD5EC91C1BC}.Release|x86.Build.0 = Release|x86
		{446AF765-93DF-48A5-A993-157E1B9BB004}.Debug|Any CPU.ActiveCfg = Debug|Any CPU
		{446AF765-93DF-48A5-A993-157E1B9BB004}.Debug|Any CPU.Build.0 = Debug|Any CPU
		{446AF765-93DF-48A5-A993-157E1B9BB004}.Debug|x64.ActiveCfg = Debug|x64
		{446AF765-93DF-48A5-A993-157E1B9BB004}.Debug|x64.Build.0 = Debug|x64
		{446AF765-93DF-48A5-A993-157E1B9BB004}.Debug|x86.ActiveCfg = Debug|x86
		{446AF765-93DF-48A5-A993-157E1B9BB004}.Debug|x86.Build.0 = Debug|x86
		{446AF765-93DF-48A5-A993-157E1B9BB004}.Release|Any CPU.ActiveCfg = Release|Any CPU
		{446AF765-93DF-48A5-A993-157E1B9BB004}.Release|Any CPU.Build.0 = Release|Any CPU
		{446AF765-93DF-48A5-A993-157E1B9BB004}.Release|x64.ActiveCfg = Release|x64
		{446AF765-93DF-48A5-A993-157E1B9BB004}.Release|x64.Build.0 = Release|x64
		{446AF765-93DF-48A5-A993-157E1B9BB004}.Release|x86.ActiveCfg = Release|x86
		{446AF765-93DF-48A5-A993-157E1B9BB004}.Release|x86.Build.0 = Release|x86
	EndGlobalSection
	GlobalSection(SolutionProperties) = preSolution
		HideSolutionNode = FALSE
	EndGlobalSection
	GlobalSection(ExtensibilityGlobals) = postSolution
		SolutionGuid = {82B2D802-0634-4182-9AF3-BF13FC2B4A2E}
	EndGlobalSection
EndGlobal
